
Microsoft Visual Studio Solution File, Format Version 12.00
# Visual Studio Version 16
VisualStudioVersion = 16.0.29709.97
MinimumVisualStudioVersion = 10.0.40219.1
Project("{9A19103F-16F7-4668-BE54-9A1E7A4F7556}") = "ToDoApi", "ToDoApi\ToDoApi.csproj", "{94858C17-CBFA-4C9A-8A81-60C810506782}"
EndProject
Project("{FAE04EC0-301F-11D3-BF4B-00C04F79EFBC}") = "ToDoNunit", "ToDoNunit\ToDoNunit.csproj", "{83EA6A83-1FAC-465E-925A-1A55A48ED4DD}"
EndProject
Global
	GlobalSection(SolutionConfigurationPlatforms) = preSolution
		Debug|Any CPU = Debug|Any CPU
		Release|Any CPU = Release|Any CPU
	EndGlobalSection
	GlobalSection(ProjectConfigurationPlatforms) = postSolution
		{94858C17-CBFA-4C9A-8A81-60C810506782}.Debug|Any CPU.ActiveCfg = Debug|Any CPU
		{94858C17-CBFA-4C9A-8A81-60C810506782}.Debug|Any CPU.Build.0 = Debug|Any CPU
		{94858C17-CBFA-4C9A-8A81-60C810506782}.Release|Any CPU.ActiveCfg = Release|Any CPU
		{94858C17-CBFA-4C9A-8A81-60C810506782}.Release|Any CPU.Build.0 = Release|Any CPU
		{83EA6A83-1FAC-465E-925A-1A55A48ED4DD}.Debug|Any CPU.ActiveCfg = Debug|Any CPU
		{83EA6A83-1FAC-465E-925A-1A55A48ED4DD}.Debug|Any CPU.Build.0 = Debug|Any CPU
		{83EA6A83-1FAC-465E-925A-1A55A48ED4DD}.Release|Any CPU.ActiveCfg = Release|Any CPU
		{83EA6A83-1FAC-465E-925A-1A55A48ED4DD}.Release|Any CPU.Build.0 = Release|Any CPU
	EndGlobalSection
	GlobalSection(SolutionProperties) = preSolution
		HideSolutionNode = FALSE
	EndGlobalSection
	GlobalSection(ExtensibilityGlobals) = postSolution
		SolutionGuid = {EF9F3307-2364-462B-85DD-02CAEF02CC5F}
	EndGlobalSection
EndGlobal
